
Microsoft Visual Studio Solution File, Format Version 12.00
# Visual Studio Version 17
VisualStudioVersion = 17.13.35931.197 d17.13
MinimumVisualStudioVersion = 10.0.40219.1
Project("{FAE04EC0-301F-11D3-BF4B-00C04F79EFBC}") = "ColumnChartDemo", "ColumnChartDemo\ColumnChartDemo.csproj", "{A23A1EE6-BB2E-484D-A5EC-D9672483D106}"
EndProject
Global
	GlobalSection(SolutionConfigurationPlatforms) = preSolution
		Debug|Any CPU = Debug|Any CPU
		Release|Any CPU = Release|Any CPU
	EndGlobalSection
	GlobalSection(ProjectConfigurationPlatforms) = postSolution
		{A23A1EE6-BB2E-484D-A5EC-D9672483D106}.Debug|Any CPU.ActiveCfg = Debug|Any CPU
		{A23A1EE6-BB2E-484D-A5EC-D9672483D106}.Debug|Any CPU.Build.0 = Debug|Any CPU
		{A23A1EE6-BB2E-484D-A5EC-D9672483D106}.Release|Any CPU.ActiveCfg = Release|Any CPU
		{A23A1EE6-BB2E-484D-A5EC-D9672483D106}.Release|Any CPU.Build.0 = Release|Any CPU
	EndGlobalSection
	GlobalSection(SolutionProperties) = preSolution
		HideSolutionNode = FALSE
	EndGlobalSection
	GlobalSection(ExtensibilityGlobals) = postSolution
		SolutionGuid = {5916E353-723D-4C77-9851-C9122BE246FC}
	EndGlobalSection
EndGlobal
